
Microsoft Visual Studio Solution File, Format Version 12.00
# Visual Studio Version 17
VisualStudioVersion = 17.9.34728.123
MinimumVisualStudioVersion = 10.0.40219.1
Project("{9A19103F-16F7-4668-BE54-9A1E7A4F7556}") = "UseCase", "src\UseCase\UseCase.csproj", "{E0E41E21-BABD-4C2F-9FCE-3A65A8B6BD50}"
EndProject
Project("{2150E333-8FDC-42A3-9474-1A3956D46DE8}") = "Solution Items", "Solution Items", "{7932532B-BBEC-4F8D-B3C0-2F9493946781}"
EndProject
Project("{9A19103F-16F7-4668-BE54-9A1E7A4F7556}") = "Domain", "src\Domain\Domain.csproj", "{358782F7-9E6A-47A8-AD8B-EBC5D304600A}"
EndProject
Project("{9A19103F-16F7-4668-BE54-9A1E7A4F7556}") = "TestProject1", "TestProject1\TestProject1.csproj", "{96833861-E81D-4141-ACD0-9CE1A15EE909}"
EndProject
Project("{2150E333-8FDC-42A3-9474-1A3956D46DE8}") = "src", "src", "{9F2C4CD7-A9A5-4C0B-8B70-686DA94EF045}"
EndProject
Project("{2150E333-8FDC-42A3-9474-1A3956D46DE8}") = "Core", "Core", "{839511EB-A8C0-4FAF-87FD-E3E85DF5AA28}"
EndProject
Project("{FAE04EC0-301F-11D3-BF4B-00C04F79EFBC}") = "Controller", "src\Controller\Controller.csproj", "{23AD8EE9-E4B2-4FEE-AD25-268826BE1EF9}"
EndProject
Project("{2150E333-8FDC-42A3-9474-1A3956D46DE8}") = "Adapters", "Adapters", "{91C80190-7FAE-4F03-887A-EFE489FE2EBC}"
EndProject
Project("{FAE04EC0-301F-11D3-BF4B-00C04F79EFBC}") = "Infrastructure", "src\Infrastructure\Infrastructure.csproj", "{362C686B-B240-4DFF-A8D8-9679C15877B4}"
EndProject
Project("{2150E333-8FDC-42A3-9474-1A3956D46DE8}") = "Worker", "Worker", "{60F37EDD-A292-406C-AEB8-52613C5ABB41}"
EndProject
Project("{FAE04EC0-301F-11D3-BF4B-00C04F79EFBC}") = "VideoRequestConsumer", "src\VideoRequestConsumer\VideoRequestConsumer.csproj", "{93C9087E-00D1-4415-AE2D-435D250CF01B}"
EndProject
Global
	GlobalSection(SolutionConfigurationPlatforms) = preSolution
		Debug|Any CPU = Debug|Any CPU
		Release|Any CPU = Release|Any CPU
	EndGlobalSection
	GlobalSection(ProjectConfigurationPlatforms) = postSolution
		{E0E41E21-BABD-4C2F-9FCE-3A65A8B6BD50}.Debug|Any CPU.ActiveCfg = Debug|Any CPU
		{E0E41E21-BABD-4C2F-9FCE-3A65A8B6BD50}.Debug|Any CPU.Build.0 = Debug|Any CPU
		{E0E41E21-BABD-4C2F-9FCE-3A65A8B6BD50}.Release|Any CPU.ActiveCfg = Release|Any CPU
		{E0E41E21-BABD-4C2F-9FCE-3A65A8B6BD50}.Release|Any CPU.Build.0 = Release|Any CPU
		{358782F7-9E6A-47A8-AD8B-EBC5D304600A}.Debug|Any CPU.ActiveCfg = Debug|Any CPU
		{358782F7-9E6A-47A8-AD8B-EBC5D304600A}.Debug|Any CPU.Build.0 = Debug|Any CPU
		{358782F7-9E6A-47A8-AD8B-EBC5D304600A}.Release|Any CPU.ActiveCfg = Release|Any CPU
		{358782F7-9E6A-47A8-AD8B-EBC5D304600A}.Release|Any CPU.Build.0 = Release|Any CPU
		{96833861-E81D-4141-ACD0-9CE1A15EE909}.Debug|Any CPU.ActiveCfg = Debug|Any CPU
		{96833861-E81D-4141-ACD0-9CE1A15EE909}.Debug|Any CPU.Build.0 = Debug|Any CPU
		{96833861-E81D-4141-ACD0-9CE1A15EE909}.Release|Any CPU.ActiveCfg = Release|Any CPU
		{96833861-E81D-4141-ACD0-9CE1A15EE909}.Release|Any CPU.Build.0 = Release|Any CPU
		{23AD8EE9-E4B2-4FEE-AD25-268826BE1EF9}.Debug|Any CPU.ActiveCfg = Debug|Any CPU
		{23AD8EE9-E4B2-4FEE-AD25-268826BE1EF9}.Debug|Any CPU.Build.0 = Debug|Any CPU
		{23AD8EE9-E4B2-4FEE-AD25-268826BE1EF9}.Release|Any CPU.ActiveCfg = Release|Any CPU
		{23AD8EE9-E4B2-4FEE-AD25-268826BE1EF9}.Release|Any CPU.Build.0 = Release|Any CPU
		{362C686B-B240-4DFF-A8D8-9679C15877B4}.Debug|Any CPU.ActiveCfg = Debug|Any CPU
		{362C686B-B240-4DFF-A8D8-9679C15877B4}.Debug|Any CPU.Build.0 = Debug|Any CPU
		{362C686B-B240-4DFF-A8D8-9679C15877B4}.Release|Any CPU.ActiveCfg = Release|Any CPU
		{362C686B-B240-4DFF-A8D8-9679C15877B4}.Release|Any CPU.Build.0 = Release|Any CPU
		{93C9087E-00D1-4415-AE2D-435D250CF01B}.Debug|Any CPU.ActiveCfg = Debug|Any CPU
		{93C9087E-00D1-4415-AE2D-435D250CF01B}.Debug|Any CPU.Build.0 = Debug|Any CPU
		{93C9087E-00D1-4415-AE2D-435D250CF01B}.Release|Any CPU.ActiveCfg = Release|Any CPU
		{93C9087E-00D1-4415-AE2D-435D250CF01B}.Release|Any CPU.Build.0 = Release|Any CPU
	EndGlobalSection
	GlobalSection(SolutionProperties) = preSolution
		HideSolutionNode = FALSE
	EndGlobalSection
	GlobalSection(NestedProjects) = preSolution
		{E0E41E21-BABD-4C2F-9FCE-3A65A8B6BD50} = {839511EB-A8C0-4FAF-87FD-E3E85DF5AA28}
		{358782F7-9E6A-47A8-AD8B-EBC5D304600A} = {839511EB-A8C0-4FAF-87FD-E3E85DF5AA28}
		{839511EB-A8C0-4FAF-87FD-E3E85DF5AA28} = {9F2C4CD7-A9A5-4C0B-8B70-686DA94EF045}
		{23AD8EE9-E4B2-4FEE-AD25-268826BE1EF9} = {91C80190-7FAE-4F03-887A-EFE489FE2EBC}
		{91C80190-7FAE-4F03-887A-EFE489FE2EBC} = {9F2C4CD7-A9A5-4C0B-8B70-686DA94EF045}
		{362C686B-B240-4DFF-A8D8-9679C15877B4} = {91C80190-7FAE-4F03-887A-EFE489FE2EBC}
		{60F37EDD-A292-406C-AEB8-52613C5ABB41} = {9F2C4CD7-A9A5-4C0B-8B70-686DA94EF045}
		{93C9087E-00D1-4415-AE2D-435D250CF01B} = {60F37EDD-A292-406C-AEB8-52613C5ABB41}
	EndGlobalSection
	GlobalSection(ExtensibilityGlobals) = postSolution
		SolutionGuid = {630F33CC-8D42-48E0-839E-797E03767112}
	EndGlobalSection
EndGlobal
